// !$*UTF8*$!
{
	archiveVersion = 1;
	classes = {
	};
	objectVersion = 56;
	objects = {

/* Begin PBXBuildFile section */
		5FD4391D2C19A34A00DF3540 /* WeatherAppDemoApp.swift in Sources */ = {isa = PBXBuildFile; fileRef = 5FD4391C2C19A34A00DF3540 /* WeatherAppDemoApp.swift */; };
		5FD4391F2C19A34A00DF3540 /* ContentView.swift in Sources */ = {isa = PBXBuildFile; fileRef = 5FD4391E2C19A34A00DF3540 /* ContentView.swift */; };
		5FD439212C19A34C00DF3540 /* Assets.xcassets in Resources */ = {isa = PBXBuildFile; fileRef = 5FD439202C19A34C00DF3540 /* Assets.xcassets */; };
		5FD439242C19A34C00DF3540 /* Preview Assets.xcassets in Resources */ = {isa = PBXBuildFile; fileRef = 5FD439232C19A34C00DF3540 /* Preview Assets.xcassets */; };
		5FD4392C2C19A36700DF3540 /* NetworkManager.swift in Sources */ = {isa = PBXBuildFile; fileRef = 5FD4392B2C19A36700DF3540 /* NetworkManager.swift */; };
		5FD439302C19A3D200DF3540 /* WeatherResponse.swift in Sources */ = {isa = PBXBuildFile; fileRef = 5FD4392F2C19A3D200DF3540 /* WeatherResponse.swift */; };
		5FD439322C19A79B00DF3540 /* ServerError.swift in Sources */ = {isa = PBXBuildFile; fileRef = 5FD439312C19A79B00DF3540 /* ServerError.swift */; };
		5FD439342C19A83800DF3540 /* LocationResponse.swift in Sources */ = {isa = PBXBuildFile; fileRef = 5FD439332C19A83800DF3540 /* LocationResponse.swift */; };
		5FD4393D2C19AB6000DF3540 /* MainViewModel.swift in Sources */ = {isa = PBXBuildFile; fileRef = 5FD4393C2C19AB6000DF3540 /* MainViewModel.swift */; };
		5FD439402C19BF1800DF3540 /* MainView.swift in Sources */ = {isa = PBXBuildFile; fileRef = 5FD4393F2C19BF1800DF3540 /* MainView.swift */; };
		5FD439422C19CD7E00DF3540 /* LocationManager.swift in Sources */ = {isa = PBXBuildFile; fileRef = 5FD439412C19CD7E00DF3540 /* LocationManager.swift */; };
		5FD439442C19DF7E00DF3540 /* LocationsRepository.swift in Sources */ = {isa = PBXBuildFile; fileRef = 5FD439432C19DF7E00DF3540 /* LocationsRepository.swift */; };
		5FDA75182C1ADEB700804ADA /* URL + appendingParams.swift in Sources */ = {isa = PBXBuildFile; fileRef = 5FDA75172C1ADEB700804ADA /* URL + appendingParams.swift */; };
		5FDA751A2C1ADED700804ADA /* Constants.swift in Sources */ = {isa = PBXBuildFile; fileRef = 5FDA75192C1ADED700804ADA /* Constants.swift */; };
		5FDA751C2C1AE0B600804ADA /* String + DateFormatting.swift in Sources */ = {isa = PBXBuildFile; fileRef = 5FDA751B2C1AE0B600804ADA /* String + DateFormatting.swift */; };
/* End PBXBuildFile section */

/* Begin PBXFileReference section */
		5FD439192C19A34A00DF3540 /* WeatherAppDemo.app */ = {isa = PBXFileReference; explicitFileType = wrapper.application; includeInIndex = 0; path = WeatherAppDemo.app; sourceTree = BUILT_PRODUCTS_DIR; };
		5FD4391C2C19A34A00DF3540 /* WeatherAppDemoApp.swift */ = {isa = PBXFileReference; lastKnownFileType = sourcecode.swift; path = WeatherAppDemoApp.swift; sourceTree = "<group>"; };
		5FD4391E2C19A34A00DF3540 /* ContentView.swift */ = {isa = PBXFileReference; lastKnownFileType = sourcecode.swift; path = ContentView.swift; sourceTree = "<group>"; };
		5FD439202C19A34C00DF3540 /* Assets.xcassets */ = {isa = PBXFileReference; lastKnownFileType = folder.assetcatalog; path = Assets.xcassets; sourceTree = "<group>"; };
		5FD439232C19A34C00DF3540 /* Preview Assets.xcassets */ = {isa = PBXFileReference; lastKnownFileType = folder.assetcatalog; path = "Preview Assets.xcassets"; sourceTree = "<group>"; };
		5FD4392B2C19A36700DF3540 /* NetworkManager.swift */ = {isa = PBXFileReference; lastKnownFileType = sourcecode.swift; path = NetworkManager.swift; sourceTree = "<group>"; };
		5FD4392F2C19A3D200DF3540 /* WeatherResponse.swift */ = {isa = PBXFileReference; lastKnownFileType = sourcecode.swift; path = WeatherResponse.swift; sourceTree = "<group>"; };
		5FD439312C19A79B00DF3540 /* ServerError.swift */ = {isa = PBXFileReference; lastKnownFileType = sourcecode.swift; path = ServerError.swift; sourceTree = "<group>"; };
		5FD439332C19A83800DF3540 /* LocationResponse.swift */ = {isa = PBXFileReference; lastKnownFileType = sourcecode.swift; path = LocationResponse.swift; sourceTree = "<group>"; };
		5FD4393C2C19AB6000DF3540 /* MainViewModel.swift */ = {isa = PBXFileReference; lastKnownFileType = sourcecode.swift; path = MainViewModel.swift; sourceTree = "<group>"; };
		5FD4393F2C19BF1800DF3540 /* MainView.swift */ = {isa = PBXFileReference; lastKnownFileType = sourcecode.swift; path = MainView.swift; sourceTree = "<group>"; };
		5FD439412C19CD7E00DF3540 /* LocationManager.swift */ = {isa = PBXFileReference; lastKnownFileType = sourcecode.swift; path = LocationManager.swift; sourceTree = "<group>"; };
		5FD439432C19DF7E00DF3540 /* LocationsRepository.swift */ = {isa = PBXFileReference; lastKnownFileType = sourcecode.swift; path = LocationsRepository.swift; sourceTree = "<group>"; };
		5FDA75172C1ADEB700804ADA /* URL + appendingParams.swift */ = {isa = PBXFileReference; lastKnownFileType = sourcecode.swift; path = "URL + appendingParams.swift"; sourceTree = "<group>"; };
		5FDA75192C1ADED700804ADA /* Constants.swift */ = {isa = PBXFileReference; lastKnownFileType = sourcecode.swift; path = Constants.swift; sourceTree = "<group>"; };
		5FDA751B2C1AE0B600804ADA /* String + DateFormatting.swift */ = {isa = PBXFileReference; lastKnownFileType = sourcecode.swift; path = "String + DateFormatting.swift"; sourceTree = "<group>"; };
/* End PBXFileReference section */

/* Begin PBXFrameworksBuildPhase section */
		5FD439162C19A34A00DF3540 /* Frameworks */ = {
			isa = PBXFrameworksBuildPhase;
			buildActionMask = 2147483647;
			files = (
			);
			runOnlyForDeploymentPostprocessing = 0;
		};
/* End PBXFrameworksBuildPhase section */

/* Begin PBXGroup section */
		5FD439102C19A34A00DF3540 = {
			isa = PBXGroup;
			children = (
				5FD4391B2C19A34A00DF3540 /* WeatherAppDemo */,
				5FD4391A2C19A34A00DF3540 /* Products */,
			);
			sourceTree = "<group>";
		};
		5FD4391A2C19A34A00DF3540 /* Products */ = {
			isa = PBXGroup;
			children = (
				5FD439192C19A34A00DF3540 /* WeatherAppDemo.app */,
			);
			name = Products;
			sourceTree = "<group>";
		};
		5FD4391B2C19A34A00DF3540 /* WeatherAppDemo */ = {
			isa = PBXGroup;
			children = (
				5FD4392D2C19A37900DF3540 /* Models */,
				5FD4393B2C19AB4600DF3540 /* ViewModels */,
				5FD4393E2C19BEF200DF3540 /* Views */,
				5FD4392A2C19A35600DF3540 /* Managers */,
				5FD439352C19A86C00DF3540 /* Extensions */,
				5FD4391C2C19A34A00DF3540 /* WeatherAppDemoApp.swift */,
				5FD4391E2C19A34A00DF3540 /* ContentView.swift */,
				5FDA75192C1ADED700804ADA /* Constants.swift */,
				5FD439202C19A34C00DF3540 /* Assets.xcassets */,
				5FD439222C19A34C00DF3540 /* Preview Content */,
			);
			path = WeatherAppDemo;
			sourceTree = "<group>";
		};
		5FD439222C19A34C00DF3540 /* Preview Content */ = {
			isa = PBXGroup;
			children = (
				5FD439232C19A34C00DF3540 /* Preview Assets.xcassets */,
			);
			path = "Preview Content";
			sourceTree = "<group>";
		};
		5FD4392A2C19A35600DF3540 /* Managers */ = {
			isa = PBXGroup;
			children = (
				5FD4392B2C19A36700DF3540 /* NetworkManager.swift */,
				5FD439412C19CD7E00DF3540 /* LocationManager.swift */,
				5FD439432C19DF7E00DF3540 /* LocationsRepository.swift */,
			);
			path = Managers;
			sourceTree = "<group>";
		};
		5FD4392D2C19A37900DF3540 /* Models */ = {
			isa = PBXGroup;
			children = (
				5FD4392E2C19A3AA00DF3540 /* Server Responses */,
			);
			path = Models;
			sourceTree = "<group>";
		};
		5FD4392E2C19A3AA00DF3540 /* Server Responses */ = {
			isa = PBXGroup;
			children = (
				5FD4392F2C19A3D200DF3540 /* WeatherResponse.swift */,
				5FD439312C19A79B00DF3540 /* ServerError.swift */,
				5FD439332C19A83800DF3540 /* LocationResponse.swift */,
			);
			path = "Server Responses";
			sourceTree = "<group>";
		};
		5FD439352C19A86C00DF3540 /* Extensions */ = {
			isa = PBXGroup;
			children = (
				5FDA75172C1ADEB700804ADA /* URL + appendingParams.swift */,
				5FDA751B2C1AE0B600804ADA /* String + DateFormatting.swift */,
			);
			path = Extensions;
			sourceTree = "<group>";
		};
		5FD4393B2C19AB4600DF3540 /* ViewModels */ = {
			isa = PBXGroup;
			children = (
				5FD4393C2C19AB6000DF3540 /* MainViewModel.swift */,
			);
			path = ViewModels;
			sourceTree = "<group>";
		};
		5FD4393E2C19BEF200DF3540 /* Views */ = {
			isa = PBXGroup;
			children = (
				5FD4393F2C19BF1800DF3540 /* MainView.swift */,
			);
			path = Views;
			sourceTree = "<group>";
		};
/* End PBXGroup section */

/* Begin PBXNativeTarget section */
		5FD439182C19A34A00DF3540 /* WeatherAppDemo */ = {
			isa = PBXNativeTarget;
			buildConfigurationList = 5FD439272C19A34C00DF3540 /* Build configuration list for PBXNativeTarget "WeatherAppDemo" */;
			buildPhases = (
				5FD439152C19A34A00DF3540 /* Sources */,
				5FD439162C19A34A00DF3540 /* Frameworks */,
				5FD439172C19A34A00DF3540 /* Resources */,
			);
			buildRules = (
			);
			dependencies = (
			);
			name = WeatherAppDemo;
			productName = WeatherAppDemo;
			productReference = 5FD439192C19A34A00DF3540 /* WeatherAppDemo.app */;
			productType = "com.apple.product-type.application";
		};
/* End PBXNativeTarget section */

/* Begin PBXProject section */
		5FD439112C19A34A00DF3540 /* Project object */ = {
			isa = PBXProject;
			attributes = {
				BuildIndependentTargetsInParallel = 1;
				LastSwiftUpdateCheck = 1510;
				LastUpgradeCheck = 1510;
				TargetAttributes = {
					5FD439182C19A34A00DF3540 = {
						CreatedOnToolsVersion = 15.1;
					};
				};
			};
			buildConfigurationList = 5FD439142C19A34A00DF3540 /* Build configuration list for PBXProject "WeatherAppDemo" */;
			compatibilityVersion = "Xcode 14.0";
			developmentRegion = en;
			hasScannedForEncodings = 0;
			knownRegions = (
				en,
				Base,
			);
			mainGroup = 5FD439102C19A34A00DF3540;
			productRefGroup = 5FD4391A2C19A34A00DF3540 /* Products */;
			projectDirPath = "";
			projectRoot = "";
			targets = (
				5FD439182C19A34A00DF3540 /* WeatherAppDemo */,
			);
		};
/* End PBXProject section */

/* Begin PBXResourcesBuildPhase section */
		5FD439172C19A34A00DF3540 /* Resources */ = {
			isa = PBXResourcesBuildPhase;
			buildActionMask = 2147483647;
			files = (
				5FD439242C19A34C00DF3540 /* Preview Assets.xcassets in Resources */,
				5FD439212C19A34C00DF3540 /* Assets.xcassets in Resources */,
			);
			runOnlyForDeploymentPostprocessing = 0;
		};
/* End PBXResourcesBuildPhase section */

/* Begin PBXSourcesBuildPhase section */
		5FD439152C19A34A00DF3540 /* Sources */ = {
			isa = PBXSourcesBuildPhase;
			buildActionMask = 2147483647;
			files = (
				5FD439322C19A79B00DF3540 /* ServerError.swift in Sources */,
				5FD4392C2C19A36700DF3540 /* NetworkManager.swift in Sources */,
				5FD4391F2C19A34A00DF3540 /* ContentView.swift in Sources */,
				5FD439422C19CD7E00DF3540 /* LocationManager.swift in Sources */,
				5FD439442C19DF7E00DF3540 /* LocationsRepository.swift in Sources */,
				5FDA751C2C1AE0B600804ADA /* String + DateFormatting.swift in Sources */,
				5FD439402C19BF1800DF3540 /* MainView.swift in Sources */,
				5FD439302C19A3D200DF3540 /* WeatherResponse.swift in Sources */,
				5FD4391D2C19A34A00DF3540 /* WeatherAppDemoApp.swift in Sources */,
				5FDA75182C1ADEB700804ADA /* URL + appendingParams.swift in Sources */,
				5FD439342C19A83800DF3540 /* LocationResponse.swift in Sources */,
				5FD4393D2C19AB6000DF3540 /* MainViewModel.swift in Sources */,
				5FDA751A2C1ADED700804ADA /* Constants.swift in Sources */,
			);
			runOnlyForDeploymentPostprocessing = 0;
		};
/* End PBXSourcesBuildPhase section */

/* Begin XCBuildConfiguration section */
		5FD439252C19A34C00DF3540 /* Debug */ = {
			isa = XCBuildConfiguration;
			buildSettings = {
				ALWAYS_SEARCH_USER_PATHS = NO;
				ASSETCATALOG_COMPILER_GENERATE_SWIFT_ASSET_SYMBOL_EXTENSIONS = YES;
				CLANG_ANALYZER_NONNULL = YES;
				CLANG_ANALYZER_NUMBER_OBJECT_CONVERSION = YES_AGGRESSIVE;
				CLANG_CXX_LANGUAGE_STANDARD = "gnu++20";
				CLANG_ENABLE_MODULES = YES;
				CLANG_ENABLE_OBJC_ARC = YES;
				CLANG_ENABLE_OBJC_WEAK = YES;
				CLANG_WARN_BLOCK_CAPTURE_AUTORELEASING = YES;
				CLANG_WARN_BOOL_CONVERSION = YES;
				CLANG_WARN_COMMA = YES;
				CLANG_WARN_CONSTANT_CONVERSION = YES;
				CLANG_WARN_DEPRECATED_OBJC_IMPLEMENTATIONS = YES;
				CLANG_WARN_DIRECT_OBJC_ISA_USAGE = YES_ERROR;
				CLANG_WARN_DOCUMENTATION_COMMENTS = YES;
				CLANG_WARN_EMPTY_BODY = YES;
				CLANG_WARN_ENUM_CONVERSION = YES;
				CLANG_WARN_INFINITE_RECURSION = YES;
				CLANG_WARN_INT_CONVERSION = YES;
				CLANG_WARN_NON_LITERAL_NULL_CONVERSION = YES;
				CLANG_WARN_OBJC_IMPLICIT_RETAIN_SELF = YES;
				CLANG_WARN_OBJC_LITERAL_CONVERSION = YES;
				CLANG_WARN_OBJC_ROOT_CLASS = YES_ERROR;
				CLANG_WARN_QUOTED_INCLUDE_IN_FRAMEWORK_HEADER = YES;
				CLANG_WARN_RANGE_LOOP_ANALYSIS = YES;
				CLANG_WARN_STRICT_PROTOTYPES = YES;
				CLANG_WARN_SUSPICIOUS_MOVE = YES;
				CLANG_WARN_UNGUARDED_AVAILABILITY = YES_AGGRESSIVE;
				CLANG_WARN_UNREACHABLE_CODE = YES;
				CLANG_WARN__DUPLICATE_METHOD_MATCH = YES;
				COPY_PHASE_STRIP = NO;
				DEBUG_INFORMATION_FORMAT = dwarf;
				ENABLE_STRICT_OBJC_MSGSEND = YES;
				ENABLE_TESTABILITY = YES;
				ENABLE_USER_SCRIPT_SANDBOXING = YES;
				GCC_C_LANGUAGE_STANDARD = gnu17;
				GCC_DYNAMIC_NO_PIC = NO;
				GCC_NO_COMMON_BLOCKS = YES;
				GCC_OPTIMIZATION_LEVEL = 0;
				GCC_PREPROCESSOR_DEFINITIONS = (
					"DEBUG=1",
					"$(inherited)",
				);
				GCC_WARN_64_TO_32_BIT_CONVERSION = YES;
				GCC_WARN_ABOUT_RETURN_TYPE = YES_ERROR;
				GCC_WARN_UNDECLARED_SELECTOR = YES;
				GCC_WARN_UNINITIALIZED_AUTOS = YES_AGGRESSIVE;
				GCC_WARN_UNUSED_FUNCTION = YES;
				GCC_WARN_UNUSED_VARIABLE = YES;
				IPHONEOS_DEPLOYMENT_TARGET = 17.2;
				LOCALIZATION_PREFERS_STRING_CATALOGS = YES;
				MTL_ENABLE_DEBUG_INFO = INCLUDE_SOURCE;
				MTL_FAST_MATH = YES;
				ONLY_ACTIVE_ARCH = YES;
				SDKROOT = iphoneos;
				SWIFT_ACTIVE_COMPILATION_CONDITIONS = "DEBUG $(inherited)";
				SWIFT_OPTIMIZATION_LEVEL = "-Onone";
			};
			name = Debug;
		};
		5FD439262C19A34C00DF3540 /* Release */ = {
			isa = XCBuildConfiguration;
			buildSettings = {
				ALWAYS_SEARCH_USER_PATHS = NO;
				ASSETCATALOG_COMPILER_GENERATE_SWIFT_ASSET_SYMBOL_EXTENSIONS = YES;
				CLANG_ANALYZER_NONNULL = YES;
				CLANG_ANALYZER_NUMBER_OBJECT_CONVERSION = YES_AGGRESSIVE;
				CLANG_CXX_LANGUAGE_STANDARD = "gnu++20";
				CLANG_ENABLE_MODULES = YES;
				CLANG_ENABLE_OBJC_ARC = YES;
				CLANG_ENABLE_OBJC_WEAK = YES;
				CLANG_WARN_BLOCK_CAPTURE_AUTORELEASING = YES;
				CLANG_WARN_BOOL_CONVERSION = YES;
				CLANG_WARN_COMMA = YES;
				CLANG_WARN_CONSTANT_CONVERSION = YES;
				CLANG_WARN_DEPRECATED_OBJC_IMPLEMENTATIONS = YES;
				CLANG_WARN_DIRECT_OBJC_ISA_USAGE = YES_ERROR;
				CLANG_WARN_DOCUMENTATION_COMMENTS = YES;
				CLANG_WARN_EMPTY_BODY = YES;
				CLANG_WARN_ENUM_CONVERSION = YES;
				CLANG_WARN_INFINITE_RECURSION = YES;
				CLANG_WARN_INT_CONVERSION = YES;
				CLANG_WARN_NON_LITERAL_NULL_CONVERSION = YES;
				CLANG_WARN_OBJC_IMPLICIT_RETAIN_SELF = YES;
				CLANG_WARN_OBJC_LITERAL_CONVERSION = YES;
				CLANG_WARN_OBJC_ROOT_CLASS = YES_ERROR;
				CLANG_WARN_QUOTED_INCLUDE_IN_FRAMEWORK_HEADER = YES;
				CLANG_WARN_RANGE_LOOP_ANALYSIS = YES;
				CLANG_WARN_STRICT_PROTOTYPES = YES;
				CLANG_WARN_SUSPICIOUS_MOVE = YES;
				CLANG_WARN_UNGUARDED_AVAILABILITY = YES_AGGRESSIVE;
				CLANG_WARN_UNREACHABLE_CODE = YES;
				CLANG_WARN__DUPLICATE_METHOD_MATCH = YES;
				COPY_PHASE_STRIP = NO;
				DEBUG_INFORMATION_FORMAT = "dwarf-with-dsym";
				ENABLE_NS_ASSERTIONS = NO;
				ENABLE_STRICT_OBJC_MSGSEND = YES;
				ENABLE_USER_SCRIPT_SANDBOXING = YES;
				GCC_C_LANGUAGE_STANDARD = gnu17;
				GCC_NO_COMMON_BLOCKS = YES;
				GCC_WARN_64_TO_32_BIT_CONVERSION = YES;
				GCC_WARN_ABOUT_RETURN_TYPE = YES_ERROR;
				GCC_WARN_UNDECLARED_SELECTOR = YES;
				GCC_WARN_UNINITIALIZED_AUTOS = YES_AGGRESSIVE;
				GCC_WARN_UNUSED_FUNCTION = YES;
				GCC_WARN_UNUSED_VARIABLE = YES;
				IPHONEOS_DEPLOYMENT_TARGET = 17.2;
				LOCALIZATION_PREFERS_STRING_CATALOGS = YES;
				MTL_ENABLE_DEBUG_INFO = NO;
				MTL_FAST_MATH = YES;
				SDKROOT = iphoneos;
				SWIFT_COMPILATION_MODE = wholemodule;
				VALIDATE_PRODUCT = YES;
			};
			name = Release;
		};
		5FD439282C19A34C00DF3540 /* Debug */ = {
			isa = XCBuildConfiguration;
			buildSettings = {
				ASSETCATALOG_COMPILER_APPICON_NAME = AppIcon;
				ASSETCATALOG_COMPILER_GLOBAL_ACCENT_COLOR_NAME = AccentColor;
				CODE_SIGN_STYLE = Automatic;
				CURRENT_PROJECT_VERSION = 1;
				DEVELOPMENT_ASSET_PATHS = "\"WeatherAppDemo/Preview Content\"";
				DEVELOPMENT_TEAM = PGXR3ZUCW4;
				ENABLE_PREVIEWS = YES;
				GENERATE_INFOPLIST_FILE = YES;
				INFOPLIST_KEY_NSLocationWhenInUseUsageDescription = "Give me your private info so I can sell it";
				INFOPLIST_KEY_UIApplicationSceneManifest_Generation = YES;
				INFOPLIST_KEY_UIApplicationSupportsIndirectInputEvents = YES;
				INFOPLIST_KEY_UILaunchScreen_Generation = YES;
				INFOPLIST_KEY_UISupportedInterfaceOrientations_iPad = "UIInterfaceOrientationPortrait UIInterfaceOrientationPortraitUpsideDown UIInterfaceOrientationLandscapeLeft UIInterfaceOrientationLandscapeRight";
				INFOPLIST_KEY_UISupportedInterfaceOrientations_iPhone = "UIInterfaceOrientationPortrait UIInterfaceOrientationLandscapeLeft UIInterfaceOrientationLandscapeRight";
				LD_RUNPATH_SEARCH_PATHS = (
					"$(inherited)",
					"@executable_path/Frameworks",
				);
				MARKETING_VERSION = 1.0;
				PRODUCT_BUNDLE_IDENTIFIER = "-.WeatherAppDemo";
				PRODUCT_NAME = "$(TARGET_NAME)";
				SWIFT_EMIT_LOC_STRINGS = YES;
				SWIFT_VERSION = 5.0;
				TARGETED_DEVICE_FAMILY = "1,2";
			};
			name = Debug;
		};
		5FD439292C19A34C00DF3540 /* Release */ = {
			isa = XCBuildConfiguration;
			buildSettings = {
				ASSETCATALOG_COMPILER_APPICON_NAME = AppIcon;
				ASSETCATALOG_COMPILER_GLOBAL_ACCENT_COLOR_NAME = AccentColor;
				CODE_SIGN_STYLE = Automatic;
				CURRENT_PROJECT_VERSION = 1;
				DEVELOPMENT_ASSET_PATHS = "\"WeatherAppDemo/Preview Content\"";
				DEVELOPMENT_TEAM = PGXR3ZUCW4;
				ENABLE_PREVIEWS = YES;
				GENERATE_INFOPLIST_FILE = YES;
				INFOPLIST_KEY_NSLocationWhenInUseUsageDescription = "Give me your private info so I can sell it";
				INFOPLIST_KEY_UIApplicationSceneManifest_Generation = YES;
				INFOPLIST_KEY_UIApplicationSupportsIndirectInputEvents = YES;
				INFOPLIST_KEY_UILaunchScreen_Generation = YES;
				INFOPLIST_KEY_UISupportedInterfaceOrientations_iPad = "UIInterfaceOrientationPortrait UIInterfaceOrientationPortraitUpsideDown UIInterfaceOrientationLandscapeLeft UIInterfaceOrientationLandscapeRight";
				INFOPLIST_KEY_UISupportedInterfaceOrientations_iPhone = "UIInterfaceOrientationPortrait UIInterfaceOrientationLandscapeLeft UIInterfaceOrientationLandscapeRight";
				LD_RUNPATH_SEARCH_PATHS = (
					"$(inherited)",
					"@executable_path/Frameworks",
				);
				MARKETING_VERSION = 1.0;
				PRODUCT_BUNDLE_IDENTIFIER = "-.WeatherAppDemo";
				PRODUCT_NAME = "$(TARGET_NAME)";
				SWIFT_EMIT_LOC_STRINGS = YES;
				SWIFT_VERSION = 5.0;
				TARGETED_DEVICE_FAMILY = "1,2";
			};
			name = Release;
		};
/* End XCBuildConfiguration section */

/* Begin XCConfigurationList section */
		5FD439142C19A34A00DF3540 /* Build configuration list for PBXProject "WeatherAppDemo" */ = {
			isa = XCConfigurationList;
			buildConfigurations = (
				5FD439252C19A34C00DF3540 /* Debug */,
				5FD439262C19A34C00DF3540 /* Release */,
			);
			defaultConfigurationIsVisible = 0;
			defaultConfigurationName = Release;
		};
		5FD439272C19A34C00DF3540 /* Build configuration list for PBXNativeTarget "WeatherAppDemo" */ = {
			isa = XCConfigurationList;
			buildConfigurations = (
				5FD439282C19A34C00DF3540 /* Debug */,
				5FD439292C19A34C00DF3540 /* Release */,
			);
			defaultConfigurationIsVisible = 0;
			defaultConfigurationName = Release;
		};
/* End XCConfigurationList section */
	};
	rootObject = 5FD439112C19A34A00DF3540 /* Project object */;
}
